# THIS IS AN AUTOGENERATED FILE. DO NOT EDIT THIS FILE DIRECTLY.
# yarn lockfile v1


"@esbuild/aix-ppc64@0.25.3":
  version "0.25.3"
  resolved "https://registry.yarnpkg.com/@esbuild/aix-ppc64/-/aix-ppc64-0.25.3.tgz#014180d9a149cffd95aaeead37179433f5ea5437"
  integrity sha512-W8bFfPA8DowP8l//sxjJLSLkD8iEjMc7cBVyP+u4cEv9sM7mdUCkgsj+t0n/BWPFtv7WWCN5Yzj0N6FJNUUqBQ==

"@esbuild/android-arm64@0.25.3":
  version "0.25.3"
  resolved "https://registry.yarnpkg.com/@esbuild/android-arm64/-/android-arm64-0.25.3.tgz#649e47e04ddb24a27dc05c395724bc5f4c55cbfe"
  integrity sha512-XelR6MzjlZuBM4f5z2IQHK6LkK34Cvv6Rj2EntER3lwCBFdg6h2lKbtRjpTTsdEjD/WSe1q8UyPBXP1x3i/wYQ==

"@esbuild/android-arm@0.25.3":
  version "0.25.3"
  resolved "https://registry.yarnpkg.com/@esbuild/android-arm/-/android-arm-0.25.3.tgz#8a0f719c8dc28a4a6567ef7328c36ea85f568ff4"
  integrity sha512-PuwVXbnP87Tcff5I9ngV0lmiSu40xw1At6i3GsU77U7cjDDB4s0X2cyFuBiDa1SBk9DnvWwnGvVaGBqoFWPb7A==

"@esbuild/android-x64@0.25.3":
  version "0.25.3"
  resolved "https://registry.yarnpkg.com/@esbuild/android-x64/-/android-x64-0.25.3.tgz#e2ab182d1fd06da9bef0784a13c28a7602d78009"
  integrity sha512-ogtTpYHT/g1GWS/zKM0cc/tIebFjm1F9Aw1boQ2Y0eUQ+J89d0jFY//s9ei9jVIlkYi8AfOjiixcLJSGNSOAdQ==

"@esbuild/darwin-arm64@0.25.3":
  version "0.25.3"
  resolved "https://registry.yarnpkg.com/@esbuild/darwin-arm64/-/darwin-arm64-0.25.3.tgz#c7f3166fcece4d158a73dcfe71b2672ca0b1668b"
  integrity sha512-eESK5yfPNTqpAmDfFWNsOhmIOaQA59tAcF/EfYvo5/QWQCzXn5iUSOnqt3ra3UdzBv073ykTtmeLJZGt3HhA+w==

"@esbuild/darwin-x64@0.25.3":
  version "0.25.3"
  resolved "https://registry.yarnpkg.com/@esbuild/darwin-x64/-/darwin-x64-0.25.3.tgz#d8c5342ec1a4bf4b1915643dfe031ba4b173a87a"
  integrity sha512-Kd8glo7sIZtwOLcPbW0yLpKmBNWMANZhrC1r6K++uDR2zyzb6AeOYtI6udbtabmQpFaxJ8uduXMAo1gs5ozz8A==

"@esbuild/freebsd-arm64@0.25.3":
  version "0.25.3"
  resolved "https://registry.yarnpkg.com/@esbuild/freebsd-arm64/-/freebsd-arm64-0.25.3.tgz#9f7d789e2eb7747d4868817417cc968ffa84f35b"
  integrity sha512-EJiyS70BYybOBpJth3M0KLOus0n+RRMKTYzhYhFeMwp7e/RaajXvP+BWlmEXNk6uk+KAu46j/kaQzr6au+JcIw==

"@esbuild/freebsd-x64@0.25.3":
  version "0.25.3"
  resolved "https://registry.yarnpkg.com/@esbuild/freebsd-x64/-/freebsd-x64-0.25.3.tgz#8ad35c51d084184a8e9e76bb4356e95350a64709"
  integrity sha512-Q+wSjaLpGxYf7zC0kL0nDlhsfuFkoN+EXrx2KSB33RhinWzejOd6AvgmP5JbkgXKmjhmpfgKZq24pneodYqE8Q==

"@esbuild/linux-arm64@0.25.3":
  version "0.25.3"
  resolved "https://registry.yarnpkg.com/@esbuild/linux-arm64/-/linux-arm64-0.25.3.tgz#3af0da3d9186092a9edd4e28fa342f57d9e3cd30"
  integrity sha512-xCUgnNYhRD5bb1C1nqrDV1PfkwgbswTTBRbAd8aH5PhYzikdf/ddtsYyMXFfGSsb/6t6QaPSzxtbfAZr9uox4A==

"@esbuild/linux-arm@0.25.3":
  version "0.25.3"
  resolved "https://registry.yarnpkg.com/@esbuild/linux-arm/-/linux-arm-0.25.3.tgz#e91cafa95e4474b3ae3d54da12e006b782e57225"
  integrity sha512-dUOVmAUzuHy2ZOKIHIKHCm58HKzFqd+puLaS424h6I85GlSDRZIA5ycBixb3mFgM0Jdh+ZOSB6KptX30DD8YOQ==

"@esbuild/linux-ia32@0.25.3":
  version "0.25.3"
  resolved "https://registry.yarnpkg.com/@esbuild/linux-ia32/-/linux-ia32-0.25.3.tgz#81025732d85b68ee510161b94acdf7e3007ea177"
  integrity sha512-yplPOpczHOO4jTYKmuYuANI3WhvIPSVANGcNUeMlxH4twz/TeXuzEP41tGKNGWJjuMhotpGabeFYGAOU2ummBw==

"@esbuild/linux-loong64@0.25.3":
  version "0.25.3"
  resolved "https://registry.yarnpkg.com/@esbuild/linux-loong64/-/linux-loong64-0.25.3.tgz#3c744e4c8d5e1148cbe60a71a11b58ed8ee5deb8"
  integrity sha512-P4BLP5/fjyihmXCELRGrLd793q/lBtKMQl8ARGpDxgzgIKJDRJ/u4r1A/HgpBpKpKZelGct2PGI4T+axcedf6g==

"@esbuild/linux-mips64el@0.25.3":
  version "0.25.3"
  resolved "https://registry.yarnpkg.com/@esbuild/linux-mips64el/-/linux-mips64el-0.25.3.tgz#1dfe2a5d63702db9034cc6b10b3087cc0424ec26"
  integrity sha512-eRAOV2ODpu6P5divMEMa26RRqb2yUoYsuQQOuFUexUoQndm4MdpXXDBbUoKIc0iPa4aCO7gIhtnYomkn2x+bag==

"@esbuild/linux-ppc64@0.25.3":
  version "0.25.3"
  resolved "https://registry.yarnpkg.com/@esbuild/linux-ppc64/-/linux-ppc64-0.25.3.tgz#2e85d9764c04a1ebb346dc0813ea05952c9a5c56"
  integrity sha512-ZC4jV2p7VbzTlnl8nZKLcBkfzIf4Yad1SJM4ZMKYnJqZFD4rTI+pBG65u8ev4jk3/MPwY9DvGn50wi3uhdaghg==

"@esbuild/linux-riscv64@0.25.3":
  version "0.25.3"
  resolved "https://registry.yarnpkg.com/@esbuild/linux-riscv64/-/linux-riscv64-0.25.3.tgz#a9ea3334556b09f85ccbfead58c803d305092415"
  integrity sha512-LDDODcFzNtECTrUUbVCs6j9/bDVqy7DDRsuIXJg6so+mFksgwG7ZVnTruYi5V+z3eE5y+BJZw7VvUadkbfg7QA==

"@esbuild/linux-s390x@0.25.3":
  version "0.25.3"
  resolved "https://registry.yarnpkg.com/@esbuild/linux-s390x/-/linux-s390x-0.25.3.tgz#f6a7cb67969222b200974de58f105dfe8e99448d"
  integrity sha512-s+w/NOY2k0yC2p9SLen+ymflgcpRkvwwa02fqmAwhBRI3SC12uiS10edHHXlVWwfAagYSY5UpmT/zISXPMW3tQ==

"@esbuild/linux-x64@0.25.3":
  version "0.25.3"
  resolved "https://registry.yarnpkg.com/@esbuild/linux-x64/-/linux-x64-0.25.3.tgz#a237d3578ecdd184a3066b1f425e314ade0f8033"
  integrity sha512-nQHDz4pXjSDC6UfOE1Fw9Q8d6GCAd9KdvMZpfVGWSJztYCarRgSDfOVBY5xwhQXseiyxapkiSJi/5/ja8mRFFA==

"@esbuild/netbsd-arm64@0.25.3":
  version "0.25.3"
  resolved "https://registry.yarnpkg.com/@esbuild/netbsd-arm64/-/netbsd-arm64-0.25.3.tgz#4c15c68d8149614ddb6a56f9c85ae62ccca08259"
  integrity sha512-1QaLtOWq0mzK6tzzp0jRN3eccmN3hezey7mhLnzC6oNlJoUJz4nym5ZD7mDnS/LZQgkrhEbEiTn515lPeLpgWA==

"@esbuild/netbsd-x64@0.25.3":
  version "0.25.3"
  resolved "https://registry.yarnpkg.com/@esbuild/netbsd-x64/-/netbsd-x64-0.25.3.tgz#12f6856f8c54c2d7d0a8a64a9711c01a743878d5"
  integrity sha512-i5Hm68HXHdgv8wkrt+10Bc50zM0/eonPb/a/OFVfB6Qvpiirco5gBA5bz7S2SHuU+Y4LWn/zehzNX14Sp4r27g==

"@esbuild/openbsd-arm64@0.25.3":
  version "0.25.3"
  resolved "https://registry.yarnpkg.com/@esbuild/openbsd-arm64/-/openbsd-arm64-0.25.3.tgz#ca078dad4a34df192c60233b058db2ca3d94bc5c"
  integrity sha512-zGAVApJEYTbOC6H/3QBr2mq3upG/LBEXr85/pTtKiv2IXcgKV0RT0QA/hSXZqSvLEpXeIxah7LczB4lkiYhTAQ==

"@esbuild/openbsd-x64@0.25.3":
  version "0.25.3"
  resolved "https://registry.yarnpkg.com/@esbuild/openbsd-x64/-/openbsd-x64-0.25.3.tgz#c9178adb60e140e03a881d0791248489c79f95b2"
  integrity sha512-fpqctI45NnCIDKBH5AXQBsD0NDPbEFczK98hk/aa6HJxbl+UtLkJV2+Bvy5hLSLk3LHmqt0NTkKNso1A9y1a4w==

"@esbuild/sunos-x64@0.25.3":
  version "0.25.3"
  resolved "https://registry.yarnpkg.com/@esbuild/sunos-x64/-/sunos-x64-0.25.3.tgz#03765eb6d4214ff27e5230af779e80790d1ee09f"
  integrity sha512-ROJhm7d8bk9dMCUZjkS8fgzsPAZEjtRJqCAmVgB0gMrvG7hfmPmz9k1rwO4jSiblFjYmNvbECL9uhaPzONMfgA==

"@esbuild/win32-arm64@0.25.3":
  version "0.25.3"
  resolved "https://registry.yarnpkg.com/@esbuild/win32-arm64/-/win32-arm64-0.25.3.tgz#f1c867bd1730a9b8dfc461785ec6462e349411ea"
  integrity sha512-YWcow8peiHpNBiIXHwaswPnAXLsLVygFwCB3A7Bh5jRkIBFWHGmNQ48AlX4xDvQNoMZlPYzjVOQDYEzWCqufMQ==

"@esbuild/win32-ia32@0.25.3":
  version "0.25.3"
  resolved "https://registry.yarnpkg.com/@esbuild/win32-ia32/-/win32-ia32-0.25.3.tgz#77491f59ef6c9ddf41df70670d5678beb3acc322"
  integrity sha512-qspTZOIGoXVS4DpNqUYUs9UxVb04khS1Degaw/MnfMe7goQ3lTfQ13Vw4qY/Nj0979BGvMRpAYbs/BAxEvU8ew==

"@esbuild/win32-x64@0.25.3":
  version "0.25.3"
  resolved "https://registry.yarnpkg.com/@esbuild/win32-x64/-/win32-x64-0.25.3.tgz#b17a2171f9074df9e91bfb07ef99a892ac06412a"
  integrity sha512-ICgUR+kPimx0vvRzf+N/7L7tVSQeE3BYY+NhHRHXS1kBuPO7z2+7ea2HbhDyZdTephgvNvKrlDDKUexuCVBVvg==

"@rollup/rollup-android-arm-eabi@4.53.2":
  version "4.53.2"
  resolved "https://registry.yarnpkg.com/@rollup/rollup-android-arm-eabi/-/rollup-android-arm-eabi-4.53.2.tgz#7131f3d364805067fd5596302aad9ebef1434b32"
  integrity sha512-yDPzwsgiFO26RJA4nZo8I+xqzh7sJTZIWQOxn+/XOdPE31lAvLIYCKqjV+lNH/vxE2L2iH3plKxDCRK6i+CwhA==

"@rollup/rollup-android-arm64@4.53.2":
  version "4.53.2"
  resolved "https://registry.yarnpkg.com/@rollup/rollup-android-arm64/-/rollup-android-arm64-4.53.2.tgz#7ede14d7fcf7c57821a2731c04b29ccc03145d82"
  integrity sha512-k8FontTxIE7b0/OGKeSN5B6j25EuppBcWM33Z19JoVT7UTXFSo3D9CdU39wGTeb29NO3XxpMNauh09B+Ibw+9g==

"@rollup/rollup-darwin-arm64@4.53.2":
  version "4.53.2"
  resolved "https://registry.yarnpkg.com/@rollup/rollup-darwin-arm64/-/rollup-darwin-arm64-4.53.2.tgz#d59bf9ed582b38838e86a17f91720c17db6575b9"
  integrity sha512-A6s4gJpomNBtJ2yioj8bflM2oogDwzUiMl2yNJ2v9E7++sHrSrsQ29fOfn5DM/iCzpWcebNYEdXpaK4tr2RhfQ==

"@rollup/rollup-darwin-x64@4.53.2":
  version "4.53.2"
  resolved "https://registry.yarnpkg.com/@rollup/rollup-darwin-x64/-/rollup-darwin-x64-4.53.2.tgz#a76278d9b9da9f84ea7909a14d93b915d5bbe01e"
  integrity sha512-e6XqVmXlHrBlG56obu9gDRPW3O3hLxpwHpLsBJvuI8qqnsrtSZ9ERoWUXtPOkY8c78WghyPHZdmPhHLWNdAGEw==

"@rollup/rollup-freebsd-arm64@4.53.2":
  version "4.53.2"
  resolved "https://registry.yarnpkg.com/@rollup/rollup-freebsd-arm64/-/rollup-freebsd-arm64-4.53.2.tgz#1a94821a1f565b9eaa74187632d482e4c59a1707"
  integrity sha512-v0E9lJW8VsrwPux5Qe5CwmH/CF/2mQs6xU1MF3nmUxmZUCHazCjLgYvToOk+YuuUqLQBio1qkkREhxhc656ViA==

"@rollup/rollup-freebsd-x64@4.53.2":
  version "4.53.2"
  resolved "https://registry.yarnpkg.com/@rollup/rollup-freebsd-x64/-/rollup-freebsd-x64-4.53.2.tgz#aad2274680106b2b6549b1e35e5d3a7a9f1f16af"
  integrity sha512-ClAmAPx3ZCHtp6ysl4XEhWU69GUB1D+s7G9YjHGhIGCSrsg00nEGRRZHmINYxkdoJehde8VIsDC5t9C0gb6yqA==

"@rollup/rollup-linux-arm-gnueabihf@4.53.2":
  version "4.53.2"
  resolved "https://registry.yarnpkg.com/@rollup/rollup-linux-arm-gnueabihf/-/rollup-linux-arm-gnueabihf-4.53.2.tgz#100fe4306399ffeec47318a3c9b8c0e5e8b07ddb"
  integrity sha512-EPlb95nUsz6Dd9Qy13fI5kUPXNSljaG9FiJ4YUGU1O/Q77i5DYFW5KR8g1OzTcdZUqQQ1KdDqsTohdFVwCwjqg==

"@rollup/rollup-linux-arm-musleabihf@4.53.2":
  version "4.53.2"
  resolved "https://registry.yarnpkg.com/@rollup/rollup-linux-arm-musleabihf/-/rollup-linux-arm-musleabihf-4.53.2.tgz#b84634952604b950e18fa11fddebde898c5928d8"
  integrity sha512-BOmnVW+khAUX+YZvNfa0tGTEMVVEerOxN0pDk2E6N6DsEIa2Ctj48FOMfNDdrwinocKaC7YXUZ1pHlKpnkja/Q==

"@rollup/rollup-linux-arm64-gnu@4.53.2":
  version "4.53.2"
  resolved "https://registry.yarnpkg.com/@rollup/rollup-linux-arm64-gnu/-/rollup-linux-arm64-gnu-4.53.2.tgz#dad6f2fb41c2485f29a98e40e9bd78253255dbf3"
  integrity sha512-Xt2byDZ+6OVNuREgBXr4+CZDJtrVso5woFtpKdGPhpTPHcNG7D8YXeQzpNbFRxzTVqJf7kvPMCub/pcGUWgBjA==

"@rollup/rollup-linux-arm64-musl@4.53.2":
  version "4.53.2"
  resolved "https://registry.yarnpkg.com/@rollup/rollup-linux-arm64-musl/-/rollup-linux-arm64-musl-4.53.2.tgz#0f3f77c8ce9fbf982f8a8378b70a73dc6704a706"
  integrity sha512-+LdZSldy/I9N8+klim/Y1HsKbJ3BbInHav5qE9Iy77dtHC/pibw1SR/fXlWyAk0ThnpRKoODwnAuSjqxFRDHUQ==

"@rollup/rollup-linux-loong64-gnu@4.53.2":
  version "4.53.2"
  resolved "https://registry.yarnpkg.com/@rollup/rollup-linux-loong64-gnu/-/rollup-linux-loong64-gnu-4.53.2.tgz#870bb94e9dad28bb3124ba49bd733deaa6aa2635"
  integrity sha512-8ms8sjmyc1jWJS6WdNSA23rEfdjWB30LH8Wqj0Cqvv7qSHnvw6kgMMXRdop6hkmGPlyYBdRPkjJnj3KCUHV/uQ==

"@rollup/rollup-linux-ppc64-gnu@4.53.2":
  version "4.53.2"
  resolved "https://registry.yarnpkg.com/@rollup/rollup-linux-ppc64-gnu/-/rollup-linux-ppc64-gnu-4.53.2.tgz#188427d11abefc6c9926e3870b3e032170f5577c"
  integrity sha512-3HRQLUQbpBDMmzoxPJYd3W6vrVHOo2cVW8RUo87Xz0JPJcBLBr5kZ1pGcQAhdZgX9VV7NbGNipah1omKKe23/g==

"@rollup/rollup-linux-riscv64-gnu@4.53.2":
  version "4.53.2"
  resolved "https://registry.yarnpkg.com/@rollup/rollup-linux-riscv64-gnu/-/rollup-linux-riscv64-gnu-4.53.2.tgz#9dec6eadbbb5abd3b76fe624dc4f006913ff4a7f"
  integrity sha512-fMjKi+ojnmIvhk34gZP94vjogXNNUKMEYs+EDaB/5TG/wUkoeua7p7VCHnE6T2Tx+iaghAqQX8teQzcvrYpaQA==

"@rollup/rollup-linux-riscv64-musl@4.53.2":
  version "4.53.2"
  resolved "https://registry.yarnpkg.com/@rollup/rollup-linux-riscv64-musl/-/rollup-linux-riscv64-musl-4.53.2.tgz#b26ba1c80b6f104dc5bd83ed83181fc0411a0c38"
  integrity sha512-XuGFGU+VwUUV5kLvoAdi0Wz5Xbh2SrjIxCtZj6Wq8MDp4bflb/+ThZsVxokM7n0pcbkEr2h5/pzqzDYI7cCgLQ==

"@rollup/rollup-linux-s390x-gnu@4.53.2":
  version "4.53.2"
  resolved "https://registry.yarnpkg.com/@rollup/rollup-linux-s390x-gnu/-/rollup-linux-s390x-gnu-4.53.2.tgz#dc83647189b68ad8d56a956a6fcaa4ee9c728190"
  integrity sha512-w6yjZF0P+NGzWR3AXWX9zc0DNEGdtvykB03uhonSHMRa+oWA6novflo2WaJr6JZakG2ucsyb+rvhrKac6NIy+w==

"@rollup/rollup-linux-x64-gnu@4.53.2":
  version "4.53.2"
  resolved "https://registry.yarnpkg.com/@rollup/rollup-linux-x64-gnu/-/rollup-linux-x64-gnu-4.53.2.tgz#42c3b8c94e9de37bd103cb2e26fb715118ef6459"
  integrity sha512-yo8d6tdfdeBArzC7T/PnHd7OypfI9cbuZzPnzLJIyKYFhAQ8SvlkKtKBMbXDxe1h03Rcr7u++nFS7tqXz87Gtw==

"@rollup/rollup-linux-x64-musl@4.53.2":
  version "4.53.2"
  resolved "https://registry.yarnpkg.com/@rollup/rollup-linux-x64-musl/-/rollup-linux-x64-musl-4.53.2.tgz#d0e216ee1ea16bfafe35681b899b6a05258988e5"
  integrity sha512-ah59c1YkCxKExPP8O9PwOvs+XRLKwh/mV+3YdKqQ5AMQ0r4M4ZDuOrpWkUaqO7fzAHdINzV9tEVu8vNw48z0lA==

"@rollup/rollup-openharmony-arm64@4.53.2":
  version "4.53.2"
  resolved "https://registry.yarnpkg.com/@rollup/rollup-openharmony-arm64/-/rollup-openharmony-arm64-4.53.2.tgz#3acd0157cb8976f659442bfd8a99aca46f8a2931"
  integrity sha512-4VEd19Wmhr+Zy7hbUsFZ6YXEiP48hE//KPLCSVNY5RMGX2/7HZ+QkN55a3atM1C/BZCGIgqN+xrVgtdak2S9+A==

"@rollup/rollup-win32-arm64-msvc@4.53.2":
  version "4.53.2"
  resolved "https://registry.yarnpkg.com/@rollup/rollup-win32-arm64-msvc/-/rollup-win32-arm64-msvc-4.53.2.tgz#3eb9e7d4d0e1d2e0850c4ee9aa2d0ddf89a8effa"
  integrity sha512-IlbHFYc/pQCgew/d5fslcy1KEaYVCJ44G8pajugd8VoOEI8ODhtb/j8XMhLpwHCMB3yk2J07ctup10gpw2nyMA==

"@rollup/rollup-win32-ia32-msvc@4.53.2":
  version "4.53.2"
  resolved "https://registry.yarnpkg.com/@rollup/rollup-win32-ia32-msvc/-/rollup-win32-ia32-msvc-4.53.2.tgz#d69280bc6680fe19e0956e965811946d542f6365"
  integrity sha512-lNlPEGgdUfSzdCWU176ku/dQRnA7W+Gp8d+cWv73jYrb8uT7HTVVxq62DUYxjbaByuf1Yk0RIIAbDzp+CnOTFg==

"@rollup/rollup-win32-x64-gnu@4.53.2":
  version "4.53.2"
  resolved "https://registry.yarnpkg.com/@rollup/rollup-win32-x64-gnu/-/rollup-win32-x64-gnu-4.53.2.tgz#d182ce91e342bad9cbb8b284cf33ac542b126ead"
  integrity sha512-S6YojNVrHybQis2lYov1sd+uj7K0Q05NxHcGktuMMdIQ2VixGwAfbJ23NnlvvVV1bdpR2m5MsNBViHJKcA4ADw==

"@rollup/rollup-win32-x64-msvc@4.53.2":
  version "4.53.2"
  resolved "https://registry.yarnpkg.com/@rollup/rollup-win32-x64-msvc/-/rollup-win32-x64-msvc-4.53.2.tgz#d9ab606437fd072b2cb7df7e54bcdc7f1ccbe8b4"
  integrity sha512-k+/Rkcyx//P6fetPoLMb8pBeqJBNGx81uuf7iljX9++yNBVRDQgD04L+SVXmXmh5ZP4/WOp4mWF0kmi06PW2tA==

"@types/estree@1.0.8":
  version "1.0.8"
  resolved "https://registry.yarnpkg.com/@types/estree/-/estree-1.0.8.tgz#958b91c991b1867ced318bedea0e215ee050726e"
  integrity sha512-dWHzHa2WqEXI/O1E9OjrocMTKJl2mSrEolh1Iomrv6U+JuNwaHXsXx9bLu5gG7BUWFIN0skIQJQ/L1rIex4X6w==

esbuild@^0.25.0:
  version "0.25.3"
  resolved "https://registry.yarnpkg.com/esbuild/-/esbuild-0.25.3.tgz#371f7cb41283e5b2191a96047a7a89562965a285"
  integrity sha512-qKA6Pvai73+M2FtftpNKRxJ78GIjmFXFxd/1DVBqGo/qNhLSfv+G12n9pNoWdytJC8U00TrViOwpjT0zgqQS8Q==
  optionalDependencies:
    "@esbuild/aix-ppc64" "0.25.3"
    "@esbuild/android-arm" "0.25.3"
    "@esbuild/android-arm64" "0.25.3"
    "@esbuild/android-x64" "0.25.3"
    "@esbuild/darwin-arm64" "0.25.3"
    "@esbuild/darwin-x64" "0.25.3"
    "@esbuild/freebsd-arm64" "0.25.3"
    "@esbuild/freebsd-x64" "0.25.3"
    "@esbuild/linux-arm" "0.25.3"
    "@esbuild/linux-arm64" "0.25.3"
    "@esbuild/linux-ia32" "0.25.3"
    "@esbuild/linux-loong64" "0.25.3"
    "@esbuild/linux-mips64el" "0.25.3"
    "@esbuild/linux-ppc64" "0.25.3"
    "@esbuild/linux-riscv64" "0.25.3"
    "@esbuild/linux-s390x" "0.25.3"
    "@esbuild/linux-x64" "0.25.3"
    "@esbuild/netbsd-arm64" "0.25.3"
    "@esbuild/netbsd-x64" "0.25.3"
    "@esbuild/openbsd-arm64" "0.25.3"
    "@esbuild/openbsd-x64" "0.25.3"
    "@esbuild/sunos-x64" "0.25.3"
    "@esbuild/win32-arm64" "0.25.3"
    "@esbuild/win32-ia32" "0.25.3"
    "@esbuild/win32-x64" "0.25.3"

fdir@^6.5.0:
  version "6.5.0"
  resolved "https://registry.yarnpkg.com/fdir/-/fdir-6.5.0.tgz#ed2ab967a331ade62f18d077dae192684d50d350"
  integrity sha512-tIbYtZbucOs0BRGqPJkshJUYdL+SDH7dVM8gjy+ERp3WAUjLEFJE+02kanyHtwjWOnwrKYBiwAmM0p4kLJAnXg==

fsevents@~2.3.2, fsevents@~2.3.3:
  version "2.3.3"
  resolved "https://registry.yarnpkg.com/fsevents/-/fsevents-2.3.3.tgz#cac6407785d03675a2a5e1a5305c697b347d90d6"
  integrity sha512-5xoDfX+fL7faATnagmWPpbFtwh/R77WmMMqqHGS65C3vvB0YHrgF+B1YmZ3441tMj5n63k0212XNoJwzlhffQw==

nanoid@^3.3.11:
  version "3.3.11"
  resolved "https://registry.yarnpkg.com/nanoid/-/nanoid-3.3.11.tgz#4f4f112cefbe303202f2199838128936266d185b"
  integrity sha512-N8SpfPUnUp1bK+PMYW8qSWdl9U+wwNWI4QKxOYDy9JAro3WMX7p2OeVRF9v+347pnakNevPmiHhNmZ2HbFA76w==

picocolors@^1.1.1:
  version "1.1.1"
  resolved "https://registry.yarnpkg.com/picocolors/-/picocolors-1.1.1.tgz#3d321af3eab939b083c8f929a1d12cda81c26b6b"
  integrity sha512-xceH2snhtb5M9liqDsmEw56le376mTZkEX/jEb/RxNFyegNul7eNslCXP9FDj/Lcu0X8KEyMceP2ntpaHrDEVA==

picomatch@^4.0.3:
  version "4.0.3"
  resolved "https://registry.yarnpkg.com/picomatch/-/picomatch-4.0.3.tgz#796c76136d1eead715db1e7bad785dedd695a042"
  integrity sha512-5gTmgEY/sqK6gFXLIsQNH19lWb4ebPDLA4SdLP7dsWkIXHWlG66oPuVvXSGFPppYZz8ZDZq0dYYrbHfBCVUb1Q==

postcss@^8.5.6:
  version "8.5.6"
  resolved "https://registry.yarnpkg.com/postcss/-/postcss-8.5.6.tgz#2825006615a619b4f62a9e7426cc120b349a8f3c"
  integrity sha512-3Ybi1tAuwAP9s0r1UQ2J4n5Y0G05bJkpUIO0/bI9MhwmD70S5aTWbXGBwxHrelT+XM1k6dM0pk+SwNkpTRN7Pg==
  dependencies:
    nanoid "^3.3.11"
    picocolors "^1.1.1"
    source-map-js "^1.2.1"

rollup@^4.43.0:
  version "4.53.2"
  resolved "https://registry.yarnpkg.com/rollup/-/rollup-4.53.2.tgz#98e73ee51e119cb9d88b07d026c959522416420a"
  integrity sha512-MHngMYwGJVi6Fmnk6ISmnk7JAHRNF0UkuucA0CUW3N3a4KnONPEZz+vUanQP/ZC/iY1Qkf3bwPWzyY84wEks1g==
  dependencies:
    "@types/estree" "1.0.8"
  optionalDependencies:
    "@rollup/rollup-android-arm-eabi" "4.53.2"
    "@rollup/rollup-android-arm64" "4.53.2"
    "@rollup/rollup-darwin-arm64" "4.53.2"
    "@rollup/rollup-darwin-x64" "4.53.2"
    "@rollup/rollup-freebsd-arm64" "4.53.2"
    "@rollup/rollup-freebsd-x64" "4.53.2"
    "@rollup/rollup-linux-arm-gnueabihf" "4.53.2"
    "@rollup/rollup-linux-arm-musleabihf" "4.53.2"
    "@rollup/rollup-linux-arm64-gnu" "4.53.2"
    "@rollup/rollup-linux-arm64-musl" "4.53.2"
    "@rollup/rollup-linux-loong64-gnu" "4.53.2"
    "@rollup/rollup-linux-ppc64-gnu" "4.53.2"
    "@rollup/rollup-linux-riscv64-gnu" "4.53.2"
    "@rollup/rollup-linux-riscv64-musl" "4.53.2"
    "@rollup/rollup-linux-s390x-gnu" "4.53.2"
    "@rollup/rollup-linux-x64-gnu" "4.53.2"
    "@rollup/rollup-linux-x64-musl" "4.53.2"
    "@rollup/rollup-openharmony-arm64" "4.53.2"
    "@rollup/rollup-win32-arm64-msvc" "4.53.2"
    "@rollup/rollup-win32-ia32-msvc" "4.53.2"
    "@rollup/rollup-win32-x64-gnu" "4.53.2"
    "@rollup/rollup-win32-x64-msvc" "4.53.2"
    fsevents "~2.3.2"

source-map-js@^1.2.1:
  version "1.2.1"
  resolved "https://registry.yarnpkg.com/source-map-js/-/source-map-js-1.2.1.tgz#1ce5650fddd87abc099eda37dcff024c2667ae46"
  integrity sha512-UXWMKhLOwVKb728IUtQPXxfYU+usdybtUrK/8uGE8CQMvrhOpwvzDBwj0QhSL7MQc7vIsISBG8VQ8+IDQxpfQA==

tinyglobby@^0.2.15:
  version "0.2.15"
  resolved "https://registry.yarnpkg.com/tinyglobby/-/tinyglobby-0.2.15.tgz#e228dd1e638cea993d2fdb4fcd2d4602a79951c2"
  integrity sha512-j2Zq4NyQYG5XMST4cbs02Ak8iJUdxRM0XI5QyxXuZOzKOINmWurp3smXu3y5wDcJrptwpSjgXHzIQxR0omXljQ==
  dependencies:
    fdir "^6.5.0"
    picomatch "^4.0.3"

vite@^7.2.2:
  version "7.2.2"
  resolved "https://registry.yarnpkg.com/vite/-/vite-7.2.2.tgz#17dd62eac2d0ca0fa90131c5f56e4fefb8845362"
  integrity sha512-BxAKBWmIbrDgrokdGZH1IgkIk/5mMHDreLDmCJ0qpyJaAteP8NvMhkwr/ZCQNqNH97bw/dANTE9PDzqwJghfMQ==
  dependencies:
    esbuild "^0.25.0"
    fdir "^6.5.0"
    picomatch "^4.0.3"
    postcss "^8.5.6"
    rollup "^4.43.0"
    tinyglobby "^0.2.15"
  optionalDependencies:
    fsevents "~2.3.3"
